
Microsoft Visual Studio Solution File, Format Version 12.00
# Visual Studio Version 17
VisualStudioVersion = 17.7.34031.279
MinimumVisualStudioVersion = 10.0.40219.1
Project("{FAE04EC0-301F-11D3-BF4B-00C04F79EFBC}") = "json_handling_with_file", "json_handling_with_file\json_handling_with_file.csproj", "{B15EBF84-BD4A-44C4-95CF-EC5C1EAE4945}"
EndProject
Global
	GlobalSection(SolutionConfigurationPlatforms) = preSolution
		Debug|Any CPU = Debug|Any CPU
		Release|Any CPU = Release|Any CPU
	EndGlobalSection
	GlobalSection(ProjectConfigurationPlatforms) = postSolution
		{B15EBF84-BD4A-44C4-95CF-EC5C1EAE4945}.Debug|Any CPU.ActiveCfg = Debug|Any CPU
		{B15EBF84-BD4A-44C4-95CF-EC5C1EAE4945}.Debug|Any CPU.Build.0 = Debug|Any CPU
		{B15EBF84-BD4A-44C4-95CF-EC5C1EAE4945}.Release|Any CPU.ActiveCfg = Release|Any CPU
		{B15EBF84-BD4A-44C4-95CF-EC5C1EAE4945}.Release|Any CPU.Build.0 = Release|Any CPU
	EndGlobalSection
	GlobalSection(SolutionProperties) = preSolution
		HideSolutionNode = FALSE
	EndGlobalSection
	GlobalSection(ExtensibilityGlobals) = postSolution
		SolutionGuid = {2A348B3B-2176-4FEA-B4B2-0B63AF6BAEDC}
	EndGlobalSection
EndGlobal
