
Microsoft Visual Studio Solution File, Format Version 12.00
# Visual Studio Version 17
VisualStudioVersion = 17.7.34031.279
MinimumVisualStudioVersion = 10.0.40219.1
Project("{9A19103F-16F7-4668-BE54-9A1E7A4F7556}") = "Tooth_Booth_", "Tooth_Booth_\Tooth_Booth_.csproj", "{4E7847CD-8033-4425-AFE4-5937DF6E4C2E}"
EndProject
Project("{9A19103F-16F7-4668-BE54-9A1E7A4F7556}") = "Tooth_Booth_.test", "AppTesting\Tooth_Booth_.test.csproj", "{E5B1DA9C-15AB-4795-B15A-3938E591B92C}"
EndProject
Global
	GlobalSection(SolutionConfigurationPlatforms) = preSolution
		Debug|Any CPU = Debug|Any CPU
		Release|Any CPU = Release|Any CPU
	EndGlobalSection
	GlobalSection(ProjectConfigurationPlatforms) = postSolution
		{4E7847CD-8033-4425-AFE4-5937DF6E4C2E}.Debug|Any CPU.ActiveCfg = Debug|Any CPU
		{4E7847CD-8033-4425-AFE4-5937DF6E4C2E}.Debug|Any CPU.Build.0 = Debug|Any CPU
		{4E7847CD-8033-4425-AFE4-5937DF6E4C2E}.Release|Any CPU.ActiveCfg = Release|Any CPU
		{4E7847CD-8033-4425-AFE4-5937DF6E4C2E}.Release|Any CPU.Build.0 = Release|Any CPU
		{E5B1DA9C-15AB-4795-B15A-3938E591B92C}.Debug|Any CPU.ActiveCfg = Debug|Any CPU
		{E5B1DA9C-15AB-4795-B15A-3938E591B92C}.Debug|Any CPU.Build.0 = Debug|Any CPU
		{E5B1DA9C-15AB-4795-B15A-3938E591B92C}.Release|Any CPU.ActiveCfg = Release|Any CPU
		{E5B1DA9C-15AB-4795-B15A-3938E591B92C}.Release|Any CPU.Build.0 = Release|Any CPU
	EndGlobalSection
	GlobalSection(SolutionProperties) = preSolution
		HideSolutionNode = FALSE
	EndGlobalSection
	GlobalSection(ExtensibilityGlobals) = postSolution
		SolutionGuid = {8BDE6E42-E5DB-4A6F-8996-F7E19FACDEFB}
	EndGlobalSection
EndGlobal
