
Microsoft Visual Studio Solution File, Format Version 12.00
# Visual Studio Version 17
VisualStudioVersion = 17.8.34330.188
MinimumVisualStudioVersion = 10.0.40219.1
Project("{9A19103F-16F7-4668-BE54-9A1E7A4F7556}") = "Tooth_Booth_API", "Tooth_Booth_API\Tooth_Booth_API.csproj", "{526C63F3-2AB5-41EE-8710-9C16F9AB00C7}"
EndProject
Project("{FAE04EC0-301F-11D3-BF4B-00C04F79EFBC}") = "Tooth_Booth_API_Testing", "Tooth_Booth_API_Testing\Tooth_Booth_API_Testing.csproj", "{5D343306-12D0-4CC3-A7A0-0FEBEFA4B754}"
EndProject
Global
	GlobalSection(SolutionConfigurationPlatforms) = preSolution
		Debug|Any CPU = Debug|Any CPU
		Release|Any CPU = Release|Any CPU
	EndGlobalSection
	GlobalSection(ProjectConfigurationPlatforms) = postSolution
		{526C63F3-2AB5-41EE-8710-9C16F9AB00C7}.Debug|Any CPU.ActiveCfg = Debug|Any CPU
		{526C63F3-2AB5-41EE-8710-9C16F9AB00C7}.Debug|Any CPU.Build.0 = Debug|Any CPU
		{526C63F3-2AB5-41EE-8710-9C16F9AB00C7}.Release|Any CPU.ActiveCfg = Release|Any CPU
		{526C63F3-2AB5-41EE-8710-9C16F9AB00C7}.Release|Any CPU.Build.0 = Release|Any CPU
		{5D343306-12D0-4CC3-A7A0-0FEBEFA4B754}.Debug|Any CPU.ActiveCfg = Debug|Any CPU
		{5D343306-12D0-4CC3-A7A0-0FEBEFA4B754}.Debug|Any CPU.Build.0 = Debug|Any CPU
		{5D343306-12D0-4CC3-A7A0-0FEBEFA4B754}.Release|Any CPU.ActiveCfg = Release|Any CPU
		{5D343306-12D0-4CC3-A7A0-0FEBEFA4B754}.Release|Any CPU.Build.0 = Release|Any CPU
	EndGlobalSection
	GlobalSection(SolutionProperties) = preSolution
		HideSolutionNode = FALSE
	EndGlobalSection
	GlobalSection(ExtensibilityGlobals) = postSolution
		SolutionGuid = {DCE6D7ED-B36D-4679-A802-AB4F3AA4E7B9}
	EndGlobalSection
EndGlobal
