
Microsoft Visual Studio Solution File, Format Version 12.00
# Visual Studio Version 17
VisualStudioVersion = 17.7.34031.279
MinimumVisualStudioVersion = 10.0.40219.1
Project("{FAE04EC0-301F-11D3-BF4B-00C04F79EFBC}") = "access_modifier", "access_modifier\access_modifier.csproj", "{71834D44-A0BB-4212-BF8D-2BEF7EC0AA39}"
EndProject
Global
	GlobalSection(SolutionConfigurationPlatforms) = preSolution
		Debug|Any CPU = Debug|Any CPU
		Release|Any CPU = Release|Any CPU
	EndGlobalSection
	GlobalSection(ProjectConfigurationPlatforms) = postSolution
		{71834D44-A0BB-4212-BF8D-2BEF7EC0AA39}.Debug|Any CPU.ActiveCfg = Debug|Any CPU
		{71834D44-A0BB-4212-BF8D-2BEF7EC0AA39}.Debug|Any CPU.Build.0 = Debug|Any CPU
		{71834D44-A0BB-4212-BF8D-2BEF7EC0AA39}.Release|Any CPU.ActiveCfg = Release|Any CPU
		{71834D44-A0BB-4212-BF8D-2BEF7EC0AA39}.Release|Any CPU.Build.0 = Release|Any CPU
	EndGlobalSection
	GlobalSection(SolutionProperties) = preSolution
		HideSolutionNode = FALSE
	EndGlobalSection
	GlobalSection(ExtensibilityGlobals) = postSolution
		SolutionGuid = {144D2AE3-E1D0-41A8-AC97-2CD85C0A7900}
	EndGlobalSection
EndGlobal
